// !$*UTF8*$!
{
	archiveVersion = 1;
	classes = {
	};
	objectVersion = 50;
	objects = {

/* Begin PBXBuildFile section */
		5F47072920FDC4AA00EF3AA1 /* AppDelegate.swift in Sources */ = {isa = PBXBuildFile; fileRef = 5F47072820FDC4AA00EF3AA1 /* AppDelegate.swift */; };
		5F47072B20FDC4AA00EF3AA1 /* ViewController.swift in Sources */ = {isa = PBXBuildFile; fileRef = 5F47072A20FDC4AA00EF3AA1 /* ViewController.swift */; };
		5F47072E20FDC4AA00EF3AA1 /* Main.storyboard in Resources */ = {isa = PBXBuildFile; fileRef = 5F47072C20FDC4AA00EF3AA1 /* Main.storyboard */; };
		5F47073020FDC4AB00EF3AA1 /* Assets.xcassets in Resources */ = {isa = PBXBuildFile; fileRef = 5F47072F20FDC4AB00EF3AA1 /* Assets.xcassets */; };
		5F47073320FDC4AB00EF3AA1 /* LaunchScreen.storyboard in Resources */ = {isa = PBXBuildFile; fileRef = 5F47073120FDC4AB00EF3AA1 /* LaunchScreen.storyboard */; };
		5FFEE3F12101C394009C56C1 /* WCL-07.ttf in Resources */ = {isa = PBXBuildFile; fileRef = 5FFEE3F02101C393009C56C1 /* WCL-07.ttf */; };
		5FFEE3F52101DEF1009C56C1 /* wt021.ttf in Resources */ = {isa = PBXBuildFile; fileRef = 5FFEE3F42101DEF1009C56C1 /* wt021.ttf */; };
/* End PBXBuildFile section */

/* Begin PBXFileReference section */
		5F47072520FDC4AA00EF3AA1 /* 20180717-2.app */ = {isa = PBXFileReference; explicitFileType = wrapper.application; includeInIndex = 0; path = "20180717-2.app"; sourceTree = BUILT_PRODUCTS_DIR; };
		5F47072820FDC4AA00EF3AA1 /* AppDelegate.swift */ = {isa = PBXFileReference; lastKnownFileType = sourcecode.swift; path = AppDelegate.swift; sourceTree = "<group>"; };
		5F47072A20FDC4AA00EF3AA1 /* ViewController.swift */ = {isa = PBXFileReference; lastKnownFileType = sourcecode.swift; path = ViewController.swift; sourceTree = "<group>"; };
		5F47072D20FDC4AA00EF3AA1 /* Base */ = {isa = PBXFileReference; lastKnownFileType = file.storyboard; name = Base; path = Base.lproj/Main.storyboard; sourceTree = "<group>"; };
		5F47072F20FDC4AB00EF3AA1 /* Assets.xcassets */ = {isa = PBXFileReference; lastKnownFileType = folder.assetcatalog; path = Assets.xcassets; sourceTree = "<group>"; };
		5F47073220FDC4AB00EF3AA1 /* Base */ = {isa = PBXFileReference; lastKnownFileType = file.storyboard; name = Base; path = Base.lproj/LaunchScreen.storyboard; sourceTree = "<group>"; };
		5F47073420FDC4AB00EF3AA1 /* Info.plist */ = {isa = PBXFileReference; lastKnownFileType = text.plist.xml; path = Info.plist; sourceTree = "<group>"; };
		5FFEE3F02101C393009C56C1 /* WCL-07.ttf */ = {isa = PBXFileReference; lastKnownFileType = file; name = "WCL-07.ttf"; path = "../../../Downloads/王漢宗免費字型1/WCL-07.ttf"; sourceTree = "<group>"; };
		5FFEE3F42101DEF1009C56C1 /* wt021.ttf */ = {isa = PBXFileReference; lastKnownFileType = file; name = wt021.ttf; path = "../../../Downloads/王漢宗免費字型2/wt021.ttf"; sourceTree = "<group>"; };
/* End PBXFileReference section */

/* Begin PBXFrameworksBuildPhase section */
		5F47072220FDC4AA00EF3AA1 /* Frameworks */ = {
			isa = PBXFrameworksBuildPhase;
			buildActionMask = 2147483647;
			files = (
			);
			runOnlyForDeploymentPostprocessing = 0;
		};
/* End PBXFrameworksBuildPhase section */

/* Begin PBXGroup section */
		5F47071C20FDC4AA00EF3AA1 = {
			isa = PBXGroup;
			children = (
				5F47072720FDC4AA00EF3AA1 /* 20180717-2 */,
				5F47072620FDC4AA00EF3AA1 /* Products */,
			);
			sourceTree = "<group>";
		};
		5F47072620FDC4AA00EF3AA1 /* Products */ = {
			isa = PBXGroup;
			children = (
				5F47072520FDC4AA00EF3AA1 /* 20180717-2.app */,
			);
			name = Products;
			sourceTree = "<group>";
		};
		5F47072720FDC4AA00EF3AA1 /* 20180717-2 */ = {
			isa = PBXGroup;
			children = (
				5F47072820FDC4AA00EF3AA1 /* AppDelegate.swift */,
				5FFEE3F42101DEF1009C56C1 /* wt021.ttf */,
				5FFEE3F02101C393009C56C1 /* WCL-07.ttf */,
				5F47072A20FDC4AA00EF3AA1 /* ViewController.swift */,
				5F47072C20FDC4AA00EF3AA1 /* Main.storyboard */,
				5F47072F20FDC4AB00EF3AA1 /* Assets.xcassets */,
				5F47073120FDC4AB00EF3AA1 /* LaunchScreen.storyboard */,
				5F47073420FDC4AB00EF3AA1 /* Info.plist */,
			);
			path = "20180717-2";
			sourceTree = "<group>";
		};
/* End PBXGroup section */

/* Begin PBXNativeTarget section */
		5F47072420FDC4AA00EF3AA1 /* 20180717-2 */ = {
			isa = PBXNativeTarget;
			buildConfigurationList = 5F47073720FDC4AB00EF3AA1 /* Build configuration list for PBXNativeTarget "20180717-2" */;
			buildPhases = (
				5F47072120FDC4AA00EF3AA1 /* Sources */,
				5F47072220FDC4AA00EF3AA1 /* Frameworks */,
				5F47072320FDC4AA00EF3AA1 /* Resources */,
			);
			buildRules = (
			);
			dependencies = (
			);
			name = "20180717-2";
			productName = "20180717-2";
			productReference = 5F47072520FDC4AA00EF3AA1 /* 20180717-2.app */;
			productType = "com.apple.product-type.application";
		};
/* End PBXNativeTarget section */

/* Begin PBXProject section */
		5F47071D20FDC4AA00EF3AA1 /* Project object */ = {
			isa = PBXProject;
			attributes = {
				LastSwiftUpdateCheck = 1000;
				LastUpgradeCheck = 1000;
				ORGANIZATIONNAME = "Justin Lin";
				TargetAttributes = {
					5F47072420FDC4AA00EF3AA1 = {
						CreatedOnToolsVersion = 10.0;
					};
				};
			};
			buildConfigurationList = 5F47072020FDC4AA00EF3AA1 /* Build configuration list for PBXProject "20180717-2" */;
			compatibilityVersion = "Xcode 9.3";
			developmentRegion = en;
			hasScannedForEncodings = 0;
			knownRegions = (
				en,
				Base,
			);
			mainGroup = 5F47071C20FDC4AA00EF3AA1;
			productRefGroup = 5F47072620FDC4AA00EF3AA1 /* Products */;
			projectDirPath = "";
			projectRoot = "";
			targets = (
				5F47072420FDC4AA00EF3AA1 /* 20180717-2 */,
			);
		};
/* End PBXProject section */

/* Begin PBXResourcesBuildPhase section */
		5F47072320FDC4AA00EF3AA1 /* Resources */ = {
			isa = PBXResourcesBuildPhase;
			buildActionMask = 2147483647;
			files = (
				5FFEE3F12101C394009C56C1 /* WCL-07.ttf in Resources */,
				5F47073320FDC4AB00EF3AA1 /* LaunchScreen.storyboard in Resources */,
				5F47073020FDC4AB00EF3AA1 /* Assets.xcassets in Resources */,
				5F47072E20FDC4AA00EF3AA1 /* Main.storyboard in Resources */,
				5FFEE3F52101DEF1009C56C1 /* wt021.ttf in Resources */,
			);
			runOnlyForDeploymentPostprocessing = 0;
		};
/* End PBXResourcesBuildPhase section */

/* Begin PBXSourcesBuildPhase section */
		5F47072120FDC4AA00EF3AA1 /* Sources */ = {
			isa = PBXSourcesBuildPhase;
			buildActionMask = 2147483647;
			files = (
				5F47072B20FDC4AA00EF3AA1 /* ViewController.swift in Sources */,
				5F47072920FDC4AA00EF3AA1 /* AppDelegate.swift in Sources */,
			);
			runOnlyForDeploymentPostprocessing = 0;
		};
/* End PBXSourcesBuildPhase section */

/* Begin PBXVariantGroup section */
		5F47072C20FDC4AA00EF3AA1 /* Main.storyboard */ = {
			isa = PBXVariantGroup;
			children = (
				5F47072D20FDC4AA00EF3AA1 /* Base */,
			);
			name = Main.storyboard;
			sourceTree = "<group>";
		};
		5F47073120FDC4AB00EF3AA1 /* LaunchScreen.storyboard */ = {
			isa = PBXVariantGroup;
			children = (
				5F47073220FDC4AB00EF3AA1 /* Base */,
			);
			name = LaunchScreen.storyboard;
			sourceTree = "<group>";
		};
/* End PBXVariantGroup section */

/* Begin XCBuildConfiguration section */
		5F47073520FDC4AB00EF3AA1 /* Debug */ = {
			isa = XCBuildConfiguration;
			buildSettings = {
				ALWAYS_SEARCH_USER_PATHS = NO;
				CLANG_ANALYZER_NONNULL = YES;
				CLANG_ANALYZER_NUMBER_OBJECT_CONVERSION = YES_AGGRESSIVE;
				CLANG_CXX_LANGUAGE_STANDARD = "gnu++14";
				CLANG_CXX_LIBRARY = "libc++";
				CLANG_ENABLE_MODULES = YES;
				CLANG_ENABLE_OBJC_ARC = YES;
				CLANG_ENABLE_OBJC_WEAK = YES;
				CLANG_WARN_BLOCK_CAPTURE_AUTORELEASING = YES;
				CLANG_WARN_BOOL_CONVERSION = YES;
				CLANG_WARN_COMMA = YES;
				CLANG_WARN_CONSTANT_CONVERSION = YES;
				CLANG_WARN_DEPRECATED_OBJC_IMPLEMENTATIONS = YES;
				CLANG_WARN_DIRECT_OBJC_ISA_USAGE = YES_ERROR;
				CLANG_WARN_DOCUMENTATION_COMMENTS = YES;
				CLANG_WARN_EMPTY_BODY = YES;
				CLANG_WARN_ENUM_CONVERSION = YES;
				CLANG_WARN_INFINITE_RECURSION = YES;
				CLANG_WARN_INT_CONVERSION = YES;
				CLANG_WARN_NON_LITERAL_NULL_CONVERSION = YES;
				CLANG_WARN_OBJC_IMPLICIT_RETAIN_SELF = YES;
				CLANG_WARN_OBJC_LITERAL_CONVERSION = YES;
				CLANG_WARN_OBJC_ROOT_CLASS = YES_ERROR;
				CLANG_WARN_RANGE_LOOP_ANALYSIS = YES;
				CLANG_WARN_STRICT_PROTOTYPES = YES;
				CLANG_WARN_SUSPICIOUS_MOVE = YES;
				CLANG_WARN_UNGUARDED_AVAILABILITY = YES_AGGRESSIVE;
				CLANG_WARN_UNREACHABLE_CODE = YES;
				CLANG_WARN__DUPLICATE_METHOD_MATCH = YES;
				CODE_SIGN_IDENTITY = "iPhone Developer";
				COPY_PHASE_STRIP = NO;
				DEBUG_INFORMATION_FORMAT = dwarf;
				ENABLE_STRICT_OBJC_MSGSEND = YES;
				ENABLE_TESTABILITY = YES;
				GCC_C_LANGUAGE_STANDARD = gnu11;
				GCC_DYNAMIC_NO_PIC = NO;
				GCC_NO_COMMON_BLOCKS = YES;
				GCC_OPTIMIZATION_LEVEL = 0;
				GCC_PREPROCESSOR_DEFINITIONS = (
					"DEBUG=1",
					"$(inherited)",
				);
				GCC_WARN_64_TO_32_BIT_CONVERSION = YES;
				GCC_WARN_ABOUT_RETURN_TYPE = YES_ERROR;
				GCC_WARN_UNDECLARED_SELECTOR = YES;
				GCC_WARN_UNINITIALIZED_AUTOS = YES_AGGRESSIVE;
				GCC_WARN_UNUSED_FUNCTION = YES;
				GCC_WARN_UNUSED_VARIABLE = YES;
				IPHONEOS_DEPLOYMENT_TARGET = 12.0;
				MTL_ENABLE_DEBUG_INFO = INCLUDE_SOURCE;
				MTL_FAST_MATH = YES;
				ONLY_ACTIVE_ARCH = YES;
				SDKROOT = iphoneos;
				SWIFT_ACTIVE_COMPILATION_CONDITIONS = DEBUG;
				SWIFT_OPTIMIZATION_LEVEL = "-Onone";
			};
			name = Debug;
		};
		5F47073620FDC4AB00EF3AA1 /* Release */ = {
			isa = XCBuildConfiguration;
			buildSettings = {
				ALWAYS_SEARCH_USER_PATHS = NO;
				CLANG_ANALYZER_NONNULL = YES;
				CLANG_ANALYZER_NUMBER_OBJECT_CONVERSION = YES_AGGRESSIVE;
				CLANG_CXX_LANGUAGE_STANDARD = "gnu++14";
				CLANG_CXX_LIBRARY = "libc++";
				CLANG_ENABLE_MODULES = YES;
				CLANG_ENABLE_OBJC_ARC = YES;
				CLANG_ENABLE_OBJC_WEAK = YES;
				CLANG_WARN_BLOCK_CAPTURE_AUTORELEASING = YES;
				CLANG_WARN_BOOL_CONVERSION = YES;
				CLANG_WARN_COMMA = YES;
				CLANG_WARN_CONSTANT_CONVERSION = YES;
				CLANG_WARN_DEPRECATED_OBJC_IMPLEMENTATIONS = YES;
				CLANG_WARN_DIRECT_OBJC_ISA_USAGE = YES_ERROR;
				CLANG_WARN_DOCUMENTATION_COMMENTS = YES;
				CLANG_WARN_EMPTY_BODY = YES;
				CLANG_WARN_ENUM_CONVERSION = YES;
				CLANG_WARN_INFINITE_RECURSION = YES;
				CLANG_WARN_INT_CONVERSION = YES;
				CLANG_WARN_NON_LITERAL_NULL_CONVERSION = YES;
				CLANG_WARN_OBJC_IMPLICIT_RETAIN_SELF = YES;
				CLANG_WARN_OBJC_LITERAL_CONVERSION = YES;
				CLANG_WARN_OBJC_ROOT_CLASS = YES_ERROR;
				CLANG_WARN_RANGE_LOOP_ANALYSIS = YES;
				CLANG_WARN_STRICT_PROTOTYPES = YES;
				CLANG_WARN_SUSPICIOUS_MOVE = YES;
				CLANG_WARN_UNGUARDED_AVAILABILITY = YES_AGGRESSIVE;
				CLANG_WARN_UNREACHABLE_CODE = YES;
				CLANG_WARN__DUPLICATE_METHOD_MATCH = YES;
				CODE_SIGN_IDENTITY = "iPhone Developer";
				COPY_PHASE_STRIP = NO;
				DEBUG_INFORMATION_FORMAT = "dwarf-with-dsym";
				ENABLE_NS_ASSERTIONS = NO;
				ENABLE_STRICT_OBJC_MSGSEND = YES;
				GCC_C_LANGUAGE_STANDARD = gnu11;
				GCC_NO_COMMON_BLOCKS = YES;
				GCC_WARN_64_TO_32_BIT_CONVERSION = YES;
				GCC_WARN_ABOUT_RETURN_TYPE = YES_ERROR;
				GCC_WARN_UNDECLARED_SELECTOR = YES;
				GCC_WARN_UNINITIALIZED_AUTOS = YES_AGGRESSIVE;
				GCC_WARN_UNUSED_FUNCTION = YES;
				GCC_WARN_UNUSED_VARIABLE = YES;
				IPHONEOS_DEPLOYMENT_TARGET = 12.0;
				MTL_ENABLE_DEBUG_INFO = NO;
				MTL_FAST_MATH = YES;
				SDKROOT = iphoneos;
				SWIFT_COMPILATION_MODE = wholemodule;
				SWIFT_OPTIMIZATION_LEVEL = "-O";
				VALIDATE_PRODUCT = YES;
			};
			name = Release;
		};
		5F47073820FDC4AB00EF3AA1 /* Debug */ = {
			isa = XCBuildConfiguration;
			buildSettings = {
				ASSETCATALOG_COMPILER_APPICON_NAME = AppIcon;
				CODE_SIGN_STYLE = Automatic;
				DEVELOPMENT_TEAM = Q3SQ633RAL;
				INFOPLIST_FILE = "20180717-2/Info.plist";
				LD_RUNPATH_SEARCH_PATHS = (
					"$(inherited)",
					"@executable_path/Frameworks",
				);
				PRODUCT_BUNDLE_IDENTIFIER = "com.eagle.-0180717-2";
				PRODUCT_NAME = "$(TARGET_NAME)";
				SWIFT_VERSION = 4.2;
				TARGETED_DEVICE_FAMILY = "1,2";
			};
			name = Debug;
		};
		5F47073920FDC4AB00EF3AA1 /* Release */ = {
			isa = XCBuildConfiguration;
			buildSettings = {
				ASSETCATALOG_COMPILER_APPICON_NAME = AppIcon;
				CODE_SIGN_STYLE = Automatic;
				DEVELOPMENT_TEAM = Q3SQ633RAL;
				INFOPLIST_FILE = "20180717-2/Info.plist";
				LD_RUNPATH_SEARCH_PATHS = (
					"$(inherited)",
					"@executable_path/Frameworks",
				);
				PRODUCT_BUNDLE_IDENTIFIER = "com.eagle.-0180717-2";
				PRODUCT_NAME = "$(TARGET_NAME)";
				SWIFT_VERSION = 4.2;
				TARGETED_DEVICE_FAMILY = "1,2";
			};
			name = Release;
		};
/* End XCBuildConfiguration section */

/* Begin XCConfigurationList section */
		5F47072020FDC4AA00EF3AA1 /* Build configuration list for PBXProject "20180717-2" */ = {
			isa = XCConfigurationList;
			buildConfigurations = (
				5F47073520FDC4AB00EF3AA1 /* Debug */,
				5F47073620FDC4AB00EF3AA1 /* Release */,
			);
			defaultConfigurationIsVisible = 0;
			defaultConfigurationName = Release;
		};
		5F47073720FDC4AB00EF3AA1 /* Build configuration list for PBXNativeTarget "20180717-2" */ = {
			isa = XCConfigurationList;
			buildConfigurations = (
				5F47073820FDC4AB00EF3AA1 /* Debug */,
				5F47073920FDC4AB00EF3AA1 /* Release */,
			);
			defaultConfigurationIsVisible = 0;
			defaultConfigurationName = Release;
		};
/* End XCConfigurationList section */
	};
	rootObject = 5F47071D20FDC4AA00EF3AA1 /* Project object */;
}
